
Microsoft Visual Studio Solution File, Format Version 12.00
# Visual Studio Version 17
VisualStudioVersion = 17.2.32630.192
MinimumVisualStudioVersion = 10.0.40219.1
Project("{8BC9CEB8-8B4A-11D0-8D11-00A0C91BC942}") = "Reycode", "Reycode\Reycode.vcxproj", "{268BA6CB-0609-4C5F-8877-26DF91AD7F20}"
EndProject
Project("{8BC9CEB8-8B4A-11D0-8D11-00A0C91BC942}") = "ReycodeTest", "ReycodeTest\ReycodeTest.vcxproj", "{10A9CBD3-93F6-4E94-B6C4-804F2948A365}"
EndProject
Project("{8BC9CEB8-8B4A-11D0-8D11-00A0C91BC942}") = "ReycodeRunner", "ReycodeRunner\ReycodeRunner.vcxproj", "{CF53494D-B3E3-49EB-BB17-6990194D622E}"
EndProject
Global
	GlobalSection(SolutionConfigurationPlatforms) = preSolution
		Debug|x64 = Debug|x64
		Release|x64 = Release|x64
	EndGlobalSection
	GlobalSection(ProjectConfigurationPlatforms) = postSolution
		{268BA6CB-0609-4C5F-8877-26DF91AD7F20}.Debug|x64.ActiveCfg = Debug|x64
		{268BA6CB-0609-4C5F-8877-26DF91AD7F20}.Debug|x64.Build.0 = Debug|x64
		{268BA6CB-0609-4C5F-8877-26DF91AD7F20}.Release|x64.ActiveCfg = Release|x64
		{268BA6CB-0609-4C5F-8877-26DF91AD7F20}.Release|x64.Build.0 = Release|x64
		{10A9CBD3-93F6-4E94-B6C4-804F2948A365}.Debug|x64.ActiveCfg = Debug|x64
		{10A9CBD3-93F6-4E94-B6C4-804F2948A365}.Debug|x64.Build.0 = Debug|x64
		{10A9CBD3-93F6-4E94-B6C4-804F2948A365}.Release|x64.ActiveCfg = Release|x64
		{10A9CBD3-93F6-4E94-B6C4-804F2948A365}.Release|x64.Build.0 = Release|x64
		{CF53494D-B3E3-49EB-BB17-6990194D622E}.Debug|x64.ActiveCfg = Debug|x64
		{CF53494D-B3E3-49EB-BB17-6990194D622E}.Debug|x64.Build.0 = Debug|x64
		{CF53494D-B3E3-49EB-BB17-6990194D622E}.Release|x64.ActiveCfg = Release|x64
		{CF53494D-B3E3-49EB-BB17-6990194D622E}.Release|x64.Build.0 = Release|x64
	EndGlobalSection
	GlobalSection(SolutionProperties) = preSolution
		HideSolutionNode = FALSE
	EndGlobalSection
	GlobalSection(ExtensibilityGlobals) = postSolution
		SolutionGuid = {A0EC1036-EDF4-4620-9D7E-9C93CE86C146}
	EndGlobalSection
EndGlobal
